// !$*UTF8*$!
{
	archiveVersion = 1;
	classes = {
	};
	objectVersion = 46;
	objects = {

/* Begin PBXBuildFile section */
		02650AF831F6D9EA0D041938 /* imgui.cpp in Sources */ = {isa = PBXBuildFile; fileRef = 4163FBA0E4522252737801E0 /* imgui.cpp */; };
		17901EE46EF591D62103AD24 /* imgui_widgets.cpp in Sources */ = {isa = PBXBuildFile; fileRef = B91B52CCEB149D7E64F3D90C /* imgui_widgets.cpp */; };
		381193807C6038F2BE8771C0 /* imgui_demo.cpp in Sources */ = {isa = PBXBuildFile; fileRef = 50F8D0A872C47DDAAF79A6E8 /* imgui_demo.cpp */; };
		8E8C3372D2DAD8E4150211B2 /* imgui_draw.cpp in Sources */ = {isa = PBXBuildFile; fileRef = E5F6767A07C223AC44774CBA /* imgui_draw.cpp */; };
		D7A85E46E78D8A78D4011486 /* imgui_impl_glfw.cpp in Sources */ = {isa = PBXBuildFile; fileRef = 95312DEE371AC9E02E41DC2E /* imgui_impl_glfw.cpp */; };
		D826243AE80B506CD47EDA7A /* imgui_impl_metal.mm in Sources */ = {isa = PBXBuildFile; fileRef = 70716EA2125B0A9409821CE2 /* imgui_impl_metal.mm */; };
/* End PBXBuildFile section */

/* Begin PBXFileReference section */
		4163FBA0E4522252737801E0 /* imgui.cpp */ = {isa = PBXFileReference; lastKnownFileType = sourcecode.cpp.cpp; name = imgui.cpp; path = imgui.cpp; sourceTree = "<group>"; };
		50F8D0A872C47DDAAF79A6E8 /* imgui_demo.cpp */ = {isa = PBXFileReference; lastKnownFileType = sourcecode.cpp.cpp; name = imgui_demo.cpp; path = imgui_demo.cpp; sourceTree = "<group>"; };
		70716EA2125B0A9409821CE2 /* imgui_impl_metal.mm */ = {isa = PBXFileReference; lastKnownFileType = sourcecode.cpp.objc; name = imgui_impl_metal.mm; path = examples/imgui_impl_metal.mm; sourceTree = "<group>"; };
		8CE2B32AFE6DCB9CAD6EF16A /* libimgui.a */ = {isa = PBXFileReference; explicitFileType = archive.ar; includeInIndex = 0; name = libimgui.a; path = libimgui.a; sourceTree = BUILT_PRODUCTS_DIR; };
		95312DEE371AC9E02E41DC2E /* imgui_impl_glfw.cpp */ = {isa = PBXFileReference; lastKnownFileType = sourcecode.cpp.cpp; name = imgui_impl_glfw.cpp; path = examples/imgui_impl_glfw.cpp; sourceTree = "<group>"; };
		B91B52CCEB149D7E64F3D90C /* imgui_widgets.cpp */ = {isa = PBXFileReference; lastKnownFileType = sourcecode.cpp.cpp; name = imgui_widgets.cpp; path = imgui_widgets.cpp; sourceTree = "<group>"; };
		E5F6767A07C223AC44774CBA /* imgui_draw.cpp */ = {isa = PBXFileReference; lastKnownFileType = sourcecode.cpp.cpp; name = imgui_draw.cpp; path = imgui_draw.cpp; sourceTree = "<group>"; };
/* End PBXFileReference section */

/* Begin PBXFrameworksBuildPhase section */
		1FF5A39A2CB2530CA19CC1DA /* Frameworks */ = {
			isa = PBXFrameworksBuildPhase;
			buildActionMask = 2147483647;
			files = (
			);
			runOnlyForDeploymentPostprocessing = 0;
		};
/* End PBXFrameworksBuildPhase section */

/* Begin PBXGroup section */
		238023BBBD9C982D09D7E1FB /* imgui */ = {
			isa = PBXGroup;
			children = (
				3BD23E063F431038C0AFB446 /* examples */,
				4163FBA0E4522252737801E0 /* imgui.cpp */,
				50F8D0A872C47DDAAF79A6E8 /* imgui_demo.cpp */,
				E5F6767A07C223AC44774CBA /* imgui_draw.cpp */,
				B91B52CCEB149D7E64F3D90C /* imgui_widgets.cpp */,
				A6C936B49B3FADE6EA134CF4 /* Products */,
			);
			name = imgui;
			sourceTree = "<group>";
		};
		3BD23E063F431038C0AFB446 /* examples */ = {
			isa = PBXGroup;
			children = (
				95312DEE371AC9E02E41DC2E /* imgui_impl_glfw.cpp */,
				70716EA2125B0A9409821CE2 /* imgui_impl_metal.mm */,
			);
			name = examples;
			sourceTree = "<group>";
		};
		A6C936B49B3FADE6EA134CF4 /* Products */ = {
			isa = PBXGroup;
			children = (
				8CE2B32AFE6DCB9CAD6EF16A /* libimgui.a */,
			);
			name = Products;
			sourceTree = "<group>";
		};
/* End PBXGroup section */

/* Begin PBXNativeTarget section */
		2D2BCDD0309CA002B2094410 /* imgui */ = {
			isa = PBXNativeTarget;
			buildConfigurationList = 0E30EBF91AED9B6B8FD80A39 /* Build configuration list for PBXNativeTarget "imgui" */;
			buildPhases = (
				8FDD243A9C99D3AC1184427A /* Resources */,
				F98A3D910646ED037B315BD1 /* Sources */,
				1FF5A39A2CB2530CA19CC1DA /* Frameworks */,
			);
			buildRules = (
			);
			dependencies = (
			);
			name = imgui;
			productName = imgui;
			productReference = 8CE2B32AFE6DCB9CAD6EF16A /* libimgui.a */;
			productType = "com.apple.product-type.library.static";
		};
/* End PBXNativeTarget section */

/* Begin PBXProject section */
		08FB7793FE84155DC02AAC07 /* Project object */ = {
			isa = PBXProject;
			buildConfigurationList = 1DEB928908733DD80010E9CD /* Build configuration list for PBXProject "imgui" */;
			compatibilityVersion = "Xcode 3.2";
			hasScannedForEncodings = 1;
			mainGroup = 238023BBBD9C982D09D7E1FB /* imgui */;
			projectDirPath = "";
			projectRoot = "";
			targets = (
				2D2BCDD0309CA002B2094410 /* libimgui.a */,
			);
		};
/* End PBXProject section */

/* Begin PBXResourcesBuildPhase section */
		8FDD243A9C99D3AC1184427A /* Resources */ = {
			isa = PBXResourcesBuildPhase;
			buildActionMask = 2147483647;
			files = (
			);
			runOnlyForDeploymentPostprocessing = 0;
		};
/* End PBXResourcesBuildPhase section */

/* Begin PBXSourcesBuildPhase section */
		F98A3D910646ED037B315BD1 /* Sources */ = {
			isa = PBXSourcesBuildPhase;
			buildActionMask = 2147483647;
			files = (
				D7A85E46E78D8A78D4011486 /* imgui_impl_glfw.cpp in Sources */,
				D826243AE80B506CD47EDA7A /* imgui_impl_metal.mm in Sources */,
				02650AF831F6D9EA0D041938 /* imgui.cpp in Sources */,
				381193807C6038F2BE8771C0 /* imgui_demo.cpp in Sources */,
				8E8C3372D2DAD8E4150211B2 /* imgui_draw.cpp in Sources */,
				17901EE46EF591D62103AD24 /* imgui_widgets.cpp in Sources */,
			);
			runOnlyForDeploymentPostprocessing = 0;
		};
/* End PBXSourcesBuildPhase section */

/* Begin PBXVariantGroup section */
/* End PBXVariantGroup section */

/* Begin XCBuildConfiguration section */
		144964F943DB33EB1EE87339 /* Release */ = {
			isa = XCBuildConfiguration;
			buildSettings = {
				ALWAYS_SEARCH_USER_PATHS = NO;
				CONFIGURATION_BUILD_DIR = bin/Release/macosx/imgui;
				DEBUG_INFORMATION_FORMAT = "dwarf-with-dsym";
				GCC_DYNAMIC_NO_PIC = NO;
				INSTALL_PATH = /usr/local/lib;
				MACOSX_DEPLOYMENT_TARGET = latest;
				PRODUCT_NAME = imgui;
			};
			name = Release;
		};
		302CF6AA80408B5C02BEBCEA /* Debug */ = {
			isa = XCBuildConfiguration;
			buildSettings = {
				ARCHS = "$(NATIVE_ARCH_ACTUAL)";
				CONFIGURATION_BUILD_DIR = "$(SYMROOT)";
				CONFIGURATION_TEMP_DIR = "$(OBJROOT)";
				COPY_PHASE_STRIP = NO;
				GCC_ENABLE_FIX_AND_CONTINUE = YES;
				GCC_OPTIMIZATION_LEVEL = 0;
				GCC_SYMBOLS_PRIVATE_EXTERN = NO;
				GCC_WARN_ABOUT_RETURN_TYPE = YES;
				GCC_WARN_UNUSED_VARIABLE = YES;
				HEADER_SEARCH_PATHS = (
					.,
					../../include,
					"$(inherited)",
				);
				OBJROOT = "bin-int/Debug/macosx/imgui";
				ONLY_ACTIVE_ARCH = YES;
				OTHER_CFLAGS = (
					"-x objective-c++",
				);
				SYMROOT = bin/Debug/macosx/imgui;
			};
			name = Debug;
		};
		8F1DBE3FE5AB28B1BE243C7F /* Debug */ = {
			isa = XCBuildConfiguration;
			buildSettings = {
				ALWAYS_SEARCH_USER_PATHS = NO;
				CONFIGURATION_BUILD_DIR = bin/Debug/macosx/imgui;
				DEBUG_INFORMATION_FORMAT = "dwarf-with-dsym";
				GCC_DYNAMIC_NO_PIC = NO;
				INSTALL_PATH = /usr/local/lib;
				MACOSX_DEPLOYMENT_TARGET = latest;
				PRODUCT_NAME = imgui;
			};
			name = Debug;
		};
		E3AD236486F8AC96A1C979A4 /* Release */ = {
			isa = XCBuildConfiguration;
			buildSettings = {
				ARCHS = "$(NATIVE_ARCH_ACTUAL)";
				CONFIGURATION_BUILD_DIR = "$(SYMROOT)";
				CONFIGURATION_TEMP_DIR = "$(OBJROOT)";
				GCC_OPTIMIZATION_LEVEL = 3;
				GCC_SYMBOLS_PRIVATE_EXTERN = NO;
				GCC_WARN_ABOUT_RETURN_TYPE = YES;
				GCC_WARN_UNUSED_VARIABLE = YES;
				HEADER_SEARCH_PATHS = (
					.,
					../../include,
					"$(inherited)",
				);
				OBJROOT = "bin-int/Release/macosx/imgui";
				ONLY_ACTIVE_ARCH = NO;
				OTHER_CFLAGS = (
					"-x objective-c++",
				);
				SYMROOT = bin/Release/macosx/imgui;
			};
			name = Release;
		};
/* End XCBuildConfiguration section */

/* Begin XCConfigurationList section */
		0E30EBF91AED9B6B8FD80A39 /* Build configuration list for PBXNativeTarget "libimgui.a" */ = {
			isa = XCConfigurationList;
			buildConfigurations = (
				8F1DBE3FE5AB28B1BE243C7F /* Debug */,
				144964F943DB33EB1EE87339 /* Release */,
			);
			defaultConfigurationIsVisible = 0;
			defaultConfigurationName = Debug;
		};
		1DEB928908733DD80010E9CD /* Build configuration list for PBXProject "imgui" */ = {
			isa = XCConfigurationList;
			buildConfigurations = (
				302CF6AA80408B5C02BEBCEA /* Debug */,
				E3AD236486F8AC96A1C979A4 /* Release */,
			);
			defaultConfigurationIsVisible = 0;
			defaultConfigurationName = Debug;
		};
/* End XCConfigurationList section */
};
rootObject = 08FB7793FE84155DC02AAC07 /* Project object */;
}